<?xml version="1.0" encoding="utf-8"?>
<Project ToolsVersion="16.0" xmlns="http://schemas.microsoft.com/developer/msbuild/2003">
  <ItemGroup>
    <CustomBuild Include="N:\Development\Dev_Base\xerces-c-3.2.4\msvc\CMakeFiles\4ed07c1abe8fe66e64d54665948c2c43\createdocs.rule">
      <Filter>CMake Rules</Filter>
    </CustomBuild>
    <CustomBuild Include="N:\Development\Dev_Base\xerces-c-3.2.4\doc\CMakeLists.txt" />
  </ItemGroup>
  <ItemGroup>
    <None Include="N:\Development\Dev_Base\xerces-c-3.2.4\msvc\doc\CMakeFiles\createdocs" />
  </ItemGroup>
  <ItemGroup>
    <Filter Include="CMake Rules">
      <UniqueIdentifier>{D52979DA-4641-339C-974F-A6771B6A7C37}</UniqueIdentifier>
    </Filter>
  </ItemGroup>
</Project>
