<?xml version="1.0" encoding="utf-8"?>
<Project ToolsVersion="16.0" xmlns="http://schemas.microsoft.com/developer/msbuild/2003">
  <ItemGroup>
    <CustomBuild Include="N:\Development\Dev_Base\xerces-c-3.2.4\doc\CMakeLists.txt" />
  </ItemGroup>
  <ItemGroup>
    <None Include="N:\Development\Dev_Base\xerces-c-3.2.4\doc\style\dtd\blocks.ent">
      <Filter>style\dtd</Filter>
    </None>
    <None Include="N:\Development\Dev_Base\xerces-c-3.2.4\doc\style\dtd\characters.ent">
      <Filter>style\dtd</Filter>
    </None>
    <None Include="N:\Development\Dev_Base\xerces-c-3.2.4\doc\style\dtd\links.ent">
      <Filter>style\dtd</Filter>
    </None>
    <None Include="N:\Development\Dev_Base\xerces-c-3.2.4\doc\style\dtd\markup.ent">
      <Filter>style\dtd</Filter>
    </None>
    <None Include="N:\Development\Dev_Base\xerces-c-3.2.4\doc\style\graphics\button-a.gif">
      <Filter>style\graphics</Filter>
    </None>
    <None Include="N:\Development\Dev_Base\xerces-c-3.2.4\doc\style\graphics\button-b.gif">
      <Filter>style\graphics</Filter>
    </None>
    <None Include="N:\Development\Dev_Base\xerces-c-3.2.4\doc\style\graphics\section.gif">
      <Filter>style\graphics</Filter>
    </None>
    <None Include="N:\Development\Dev_Base\xerces-c-3.2.4\doc\style\resources\bottom.gif">
      <Filter>style\resources</Filter>
    </None>
    <None Include="N:\Development\Dev_Base\xerces-c-3.2.4\doc\style\resources\button-asf-hi.gif">
      <Filter>style\resources</Filter>
    </None>
    <None Include="N:\Development\Dev_Base\xerces-c-3.2.4\doc\style\resources\button-asf-lo.gif">
      <Filter>style\resources</Filter>
    </None>
    <None Include="N:\Development\Dev_Base\xerces-c-3.2.4\doc\style\resources\button-w3c-hi.gif">
      <Filter>style\resources</Filter>
    </None>
    <None Include="N:\Development\Dev_Base\xerces-c-3.2.4\doc\style\resources\button-w3c-lo.gif">
      <Filter>style\resources</Filter>
    </None>
    <None Include="N:\Development\Dev_Base\xerces-c-3.2.4\doc\style\resources\button-xml-hi.gif">
      <Filter>style\resources</Filter>
    </None>
    <None Include="N:\Development\Dev_Base\xerces-c-3.2.4\doc\style\resources\button-xml-lo.gif">
      <Filter>style\resources</Filter>
    </None>
    <None Include="N:\Development\Dev_Base\xerces-c-3.2.4\doc\style\resources\close.gif">
      <Filter>style\resources</Filter>
    </None>
    <None Include="N:\Development\Dev_Base\xerces-c-3.2.4\doc\style\resources\dot.gif">
      <Filter>style\resources</Filter>
    </None>
    <None Include="N:\Development\Dev_Base\xerces-c-3.2.4\doc\style\resources\join.gif">
      <Filter>style\resources</Filter>
    </None>
    <None Include="N:\Development\Dev_Base\xerces-c-3.2.4\doc\style\resources\line.gif">
      <Filter>style\resources</Filter>
    </None>
    <None Include="N:\Development\Dev_Base\xerces-c-3.2.4\doc\style\resources\logo.gif">
      <Filter>style\resources</Filter>
    </None>
    <None Include="N:\Development\Dev_Base\xerces-c-3.2.4\doc\style\resources\note.gif">
      <Filter>style\resources</Filter>
    </None>
    <None Include="N:\Development\Dev_Base\xerces-c-3.2.4\doc\style\resources\right.gif">
      <Filter>style\resources</Filter>
    </None>
    <None Include="N:\Development\Dev_Base\xerces-c-3.2.4\doc\style\resources\separator-space.gif">
      <Filter>style\resources</Filter>
    </None>
    <None Include="N:\Development\Dev_Base\xerces-c-3.2.4\doc\style\resources\separator.gif">
      <Filter>style\resources</Filter>
    </None>
    <None Include="N:\Development\Dev_Base\xerces-c-3.2.4\doc\style\resources\void.gif">
      <Filter>style\resources</Filter>
    </None>
    <None Include="N:\Development\Dev_Base\xerces-c-3.2.4\doc\style\stylesheets\any2header.xsl">
      <Filter>style\stylesheets</Filter>
    </None>
    <None Include="N:\Development\Dev_Base\xerces-c-3.2.4\doc\style\stylesheets\any2project.xsl">
      <Filter>style\stylesheets</Filter>
    </None>
    <None Include="N:\Development\Dev_Base\xerces-c-3.2.4\doc\style\stylesheets\book2group.xsl">
      <Filter>style\stylesheets</Filter>
    </None>
    <None Include="N:\Development\Dev_Base\xerces-c-3.2.4\doc\style\stylesheets\book2project.xsl">
      <Filter>style\stylesheets</Filter>
    </None>
    <None Include="N:\Development\Dev_Base\xerces-c-3.2.4\doc\style\stylesheets\changes2document.xsl">
      <Filter>style\stylesheets</Filter>
    </None>
    <None Include="N:\Development\Dev_Base\xerces-c-3.2.4\doc\style\stylesheets\context2footer.xsl">
      <Filter>style\stylesheets</Filter>
    </None>
    <None Include="N:\Development\Dev_Base\xerces-c-3.2.4\doc\style\stylesheets\context2label.xsl">
      <Filter>style\stylesheets</Filter>
    </None>
    <None Include="N:\Development\Dev_Base\xerces-c-3.2.4\doc\style\stylesheets\context2section.xsl">
      <Filter>style\stylesheets</Filter>
    </None>
    <None Include="N:\Development\Dev_Base\xerces-c-3.2.4\doc\style\stylesheets\directory2project.xsl">
      <Filter>style\stylesheets</Filter>
    </None>
    <None Include="N:\Development\Dev_Base\xerces-c-3.2.4\doc\style\stylesheets\document2html.xsl">
      <Filter>style\stylesheets</Filter>
    </None>
    <None Include="N:\Development\Dev_Base\xerces-c-3.2.4\doc\style\stylesheets\faqs2document.xsl">
      <Filter>style\stylesheets</Filter>
    </None>
    <None Include="N:\Development\Dev_Base\xerces-c-3.2.4\doc\style\stylesheets\group2document.xsl">
      <Filter>style\stylesheets</Filter>
    </None>
  </ItemGroup>
  <ItemGroup>
    <XML Include="N:\Development\Dev_Base\xerces-c-3.2.4\doc\style\loader.xml">
      <Filter>style</Filter>
    </XML>
  </ItemGroup>
  <ItemGroup>
    <Filter Include="style">
      <UniqueIdentifier>{5C699C73-810D-3326-9F5E-20B8978D5744}</UniqueIdentifier>
    </Filter>
    <Filter Include="style\dtd">
      <UniqueIdentifier>{671AF2EA-C8F9-3BCD-89BB-451B65B2F73B}</UniqueIdentifier>
    </Filter>
    <Filter Include="style\graphics">
      <UniqueIdentifier>{72CF17D0-D592-392A-8289-BD5A83C9ED85}</UniqueIdentifier>
    </Filter>
    <Filter Include="style\resources">
      <UniqueIdentifier>{3E59E908-62EE-3C76-BE92-2513E39FAC0C}</UniqueIdentifier>
    </Filter>
    <Filter Include="style\stylesheets">
      <UniqueIdentifier>{99AE2F86-12EE-36AA-8634-12A93B734802}</UniqueIdentifier>
    </Filter>
  </ItemGroup>
</Project>
