<?xml version="1.0" encoding="utf-8"?>
<Project ToolsVersion="16.0" xmlns="http://schemas.microsoft.com/developer/msbuild/2003">
  <ItemGroup>
    <CustomBuild Include="N:\Development\Dev_Base\xerces-c-3.2.4\msvc\CMakeFiles\ad17aa7d9d07b34845cedbf5aff941a4\RUN_TESTS_force.rule">
      <Filter>CMake Rules</Filter>
    </CustomBuild>
  </ItemGroup>
  <ItemGroup>
    <Filter Include="CMake Rules">
      <UniqueIdentifier>{D52979DA-4641-339C-974F-A6771B6A7C37}</UniqueIdentifier>
    </Filter>
  </ItemGroup>
</Project>
